
Microsoft Visual Studio Solution File, Format Version 12.00
# Visual Studio 14
VisualStudioVersion = 14.0.25420.1
MinimumVisualStudioVersion = 10.0.40219.1
Project("{FAE04EC0-301F-11D3-BF4B-00C04F79EFBC}") = "Core.Domain", "Core.Domain\Core.Domain.csproj", "{139464E7-1BC9-4661-82D1-F8DFC4D95B7A}"
EndProject
Project("{FAE04EC0-301F-11D3-BF4B-00C04F79EFBC}") = "Core.DTO", "Core.DTO\Core.DTO.csproj", "{5EED963F-633D-47C8-AFF7-847FD42CABE3}"
EndProject
Project("{FAE04EC0-301F-11D3-BF4B-00C04F79EFBC}") = "Core.API", "Core.API\Core.API.csproj", "{F207264F-187C-47E5-A7FD-F150912E492D}"
EndProject
Global
	GlobalSection(SolutionConfigurationPlatforms) = preSolution
		Debug|Any CPU = Debug|Any CPU
		Release|Any CPU = Release|Any CPU
	EndGlobalSection
	GlobalSection(ProjectConfigurationPlatforms) = postSolution
		{139464E7-1BC9-4661-82D1-F8DFC4D95B7A}.Debug|Any CPU.ActiveCfg = Debug|Any CPU
		{139464E7-1BC9-4661-82D1-F8DFC4D95B7A}.Debug|Any CPU.Build.0 = Debug|Any CPU
		{139464E7-1BC9-4661-82D1-F8DFC4D95B7A}.Release|Any CPU.ActiveCfg = Release|Any CPU
		{139464E7-1BC9-4661-82D1-F8DFC4D95B7A}.Release|Any CPU.Build.0 = Release|Any CPU
		{5EED963F-633D-47C8-AFF7-847FD42CABE3}.Debug|Any CPU.ActiveCfg = Debug|Any CPU
		{5EED963F-633D-47C8-AFF7-847FD42CABE3}.Debug|Any CPU.Build.0 = Debug|Any CPU
		{5EED963F-633D-47C8-AFF7-847FD42CABE3}.Release|Any CPU.ActiveCfg = Release|Any CPU
		{5EED963F-633D-47C8-AFF7-847FD42CABE3}.Release|Any CPU.Build.0 = Release|Any CPU
		{F207264F-187C-47E5-A7FD-F150912E492D}.Debug|Any CPU.ActiveCfg = Debug|Any CPU
		{F207264F-187C-47E5-A7FD-F150912E492D}.Debug|Any CPU.Build.0 = Debug|Any CPU
		{F207264F-187C-47E5-A7FD-F150912E492D}.Release|Any CPU.ActiveCfg = Release|Any CPU
		{F207264F-187C-47E5-A7FD-F150912E492D}.Release|Any CPU.Build.0 = Release|Any CPU
	EndGlobalSection
	GlobalSection(SolutionProperties) = preSolution
		HideSolutionNode = FALSE
	EndGlobalSection
EndGlobal
